dependencies:
- name: frontend
  repository: ""
  version: 0.1.0
- name: geo
  repository: ""
  version: 0.1.0
- name: memcached-profile
  repository: ""
  version: 0.1.0
- name: memcached-rate
  repository: ""
  version: 0.1.0
- name: memcached-reserve
  repository: ""
  version: 0.1.0
- name: mongodb-geo
  repository: ""
  version: 0.1.0
- name: mongodb-profile
  repository: ""
  version: 0.1.0
- name: mongodb-rate
  repository: ""
  version: 0.1.0
- name: mongodb-recommendation
  repository: ""
  version: 0.1.0
- name: mongodb-reservation
  repository: ""
  version: 0.1.0
- name: mongodb-user
  repository: ""
  version: 0.1.0
- name: profile
  repository: ""
  version: 0.1.0
- name: rate
  repository: ""
  version: 0.1.0
- name: recommendation
  repository: ""
  version: 0.1.0
- name: reservation
  repository: ""
  version: 0.1.0
- name: search
  repository: ""
  version: 0.1.0
- name: user
  repository: ""
  version: 0.1.0
- name: consul
  repository: https://helm.releases.hashicorp.com
  version: 1.6.3
- name: jaeger
  repository: https://jaegertracing.github.io/helm-charts
  version: 3.4.1
digest: sha256:a772ec9744a2c3f05c59f645d442558a5fac01ccb67de02086ad9bb175db66bf
generated: "2025-04-18T15:41:46.467246-04:00"
